
Microsoft Visual Studio Solution File, Format Version 12.00
# Visual Studio 15
VisualStudioVersion = 15.0.28307.168
MinimumVisualStudioVersion = 10.0.40219.1
Project("{FAE04EC0-301F-11D3-BF4B-00C04F79EFBC}") = "C0730406 A", "C0730406 A\C0730406 A.csproj", "{67F9A681-A4C8-425A-91AE-475C3BA9C62A}"
EndProject
Global
	GlobalSection(SolutionConfigurationPlatforms) = preSolution
		Debug|Any CPU = Debug|Any CPU
		Release|Any CPU = Release|Any CPU
	EndGlobalSection
	GlobalSection(ProjectConfigurationPlatforms) = postSolution
		{67F9A681-A4C8-425A-91AE-475C3BA9C62A}.Debug|Any CPU.ActiveCfg = Debug|Any CPU
		{67F9A681-A4C8-425A-91AE-475C3BA9C62A}.Debug|Any CPU.Build.0 = Debug|Any CPU
		{67F9A681-A4C8-425A-91AE-475C3BA9C62A}.Release|Any CPU.ActiveCfg = Release|Any CPU
		{67F9A681-A4C8-425A-91AE-475C3BA9C62A}.Release|Any CPU.Build.0 = Release|Any CPU
	EndGlobalSection
	GlobalSection(SolutionProperties) = preSolution
		HideSolutionNode = FALSE
	EndGlobalSection
	GlobalSection(ExtensibilityGlobals) = postSolution
		SolutionGuid = {E72ED150-08DB-47B9-9879-69964AA722A5}
	EndGlobalSection
EndGlobal
